
Microsoft Visual Studio Solution File, Format Version 12.00
# Visual Studio Version 17
VisualStudioVersion = 17.9.34728.123
MinimumVisualStudioVersion = 10.0.40219.1
Project("{9A19103F-16F7-4668-BE54-9A1E7A4F7556}") = "Buttontester", "Buttontester\Buttontester.csproj", "{D4C035F5-C071-49EF-B249-F84512A0CCF8}"
EndProject
Project("{2150E333-8FDC-42A3-9474-1A3956D46DE8}") = "Éléments de solution", "Éléments de solution", "{0C6ACE38-A13E-40B9-BF89-B9A23FF8A905}"
EndProject
Global
	GlobalSection(SolutionConfigurationPlatforms) = preSolution
		Debug|Any CPU = Debug|Any CPU
		Release|Any CPU = Release|Any CPU
	EndGlobalSection
	GlobalSection(ProjectConfigurationPlatforms) = postSolution
		{D4C035F5-C071-49EF-B249-F84512A0CCF8}.Debug|Any CPU.ActiveCfg = Debug|Any CPU
		{D4C035F5-C071-49EF-B249-F84512A0CCF8}.Debug|Any CPU.Build.0 = Debug|Any CPU
		{D4C035F5-C071-49EF-B249-F84512A0CCF8}.Release|Any CPU.ActiveCfg = Release|Any CPU
		{D4C035F5-C071-49EF-B249-F84512A0CCF8}.Release|Any CPU.Build.0 = Release|Any CPU
	EndGlobalSection
	GlobalSection(SolutionProperties) = preSolution
		HideSolutionNode = FALSE
	EndGlobalSection
	GlobalSection(ExtensibilityGlobals) = postSolution
		SolutionGuid = {BCB705AE-C13A-4A67-92C0-386F0E82E7CE}
	EndGlobalSection
EndGlobal
